// !$*UTF8*$!
{
	archiveVersion = 1;
	classes = {
	};
	objectVersion = 46;
	objects = {

/* Begin PBXBuildFile section */
		84A52EE11F330BDB00BB305E /* main.m in Sources */ = {isa = PBXBuildFile; fileRef = 84A52EE01F330BDB00BB305E /* main.m */; };
		84A52EE41F330BDB00BB305E /* AppDelegate.m in Sources */ = {isa = PBXBuildFile; fileRef = 84A52EE31F330BDB00BB305E /* AppDelegate.m */; };
		84A52EE71F330BDB00BB305E /* ViewController.m in Sources */ = {isa = PBXBuildFile; fileRef = 84A52EE61F330BDB00BB305E /* ViewController.m */; };
		84A52EEA1F330BDB00BB305E /* Main.storyboard in Resources */ = {isa = PBXBuildFile; fileRef = 84A52EE81F330BDB00BB305E /* Main.storyboard */; };
		84A52EEC1F330BDB00BB305E /* Assets.xcassets in Resources */ = {isa = PBXBuildFile; fileRef = 84A52EEB1F330BDB00BB305E /* Assets.xcassets */; };
		84A52EEF1F330BDB00BB305E /* LaunchScreen.storyboard in Resources */ = {isa = PBXBuildFile; fileRef = 84A52EED1F330BDB00BB305E /* LaunchScreen.storyboard */; };
		84A52EFA1F330DC300BB305E /* DemoTwoVC.m in Sources */ = {isa = PBXBuildFile; fileRef = 84A52EF91F330DC300BB305E /* DemoTwoVC.m */; };
		84A52EFD1F330DE400BB305E /* DemoOneVC.m in Sources */ = {isa = PBXBuildFile; fileRef = 84A52EFC1F330DE400BB305E /* DemoOneVC.m */; };
/* End PBXBuildFile section */

/* Begin PBXFileReference section */
		84A52EDC1F330BDB00BB305E /* combinationVC.app */ = {isa = PBXFileReference; explicitFileType = wrapper.application; includeInIndex = 0; path = combinationVC.app; sourceTree = BUILT_PRODUCTS_DIR; };
		84A52EE01F330BDB00BB305E /* main.m */ = {isa = PBXFileReference; lastKnownFileType = sourcecode.c.objc; path = main.m; sourceTree = "<group>"; };
		84A52EE21F330BDB00BB305E /* AppDelegate.h */ = {isa = PBXFileReference; lastKnownFileType = sourcecode.c.h; path = AppDelegate.h; sourceTree = "<group>"; };
		84A52EE31F330BDB00BB305E /* AppDelegate.m */ = {isa = PBXFileReference; lastKnownFileType = sourcecode.c.objc; path = AppDelegate.m; sourceTree = "<group>"; };
		84A52EE51F330BDB00BB305E /* ViewController.h */ = {isa = PBXFileReference; lastKnownFileType = sourcecode.c.h; path = ViewController.h; sourceTree = "<group>"; };
		84A52EE61F330BDB00BB305E /* ViewController.m */ = {isa = PBXFileReference; lastKnownFileType = sourcecode.c.objc; path = ViewController.m; sourceTree = "<group>"; };
		84A52EE91F330BDB00BB305E /* Base */ = {isa = PBXFileReference; lastKnownFileType = file.storyboard; name = Base; path = Base.lproj/Main.storyboard; sourceTree = "<group>"; };
		84A52EEB1F330BDB00BB305E /* Assets.xcassets */ = {isa = PBXFileReference; lastKnownFileType = folder.assetcatalog; path = Assets.xcassets; sourceTree = "<group>"; };
		84A52EEE1F330BDB00BB305E /* Base */ = {isa = PBXFileReference; lastKnownFileType = file.storyboard; name = Base; path = Base.lproj/LaunchScreen.storyboard; sourceTree = "<group>"; };
		84A52EF01F330BDB00BB305E /* Info.plist */ = {isa = PBXFileReference; lastKnownFileType = text.plist.xml; path = Info.plist; sourceTree = "<group>"; };
		84A52EF81F330DC300BB305E /* DemoTwoVC.h */ = {isa = PBXFileReference; fileEncoding = 4; lastKnownFileType = sourcecode.c.h; path = DemoTwoVC.h; sourceTree = "<group>"; };
		84A52EF91F330DC300BB305E /* DemoTwoVC.m */ = {isa = PBXFileReference; fileEncoding = 4; lastKnownFileType = sourcecode.c.objc; path = DemoTwoVC.m; sourceTree = "<group>"; };
		84A52EFB1F330DE400BB305E /* DemoOneVC.h */ = {isa = PBXFileReference; fileEncoding = 4; lastKnownFileType = sourcecode.c.h; path = DemoOneVC.h; sourceTree = "<group>"; };
		84A52EFC1F330DE400BB305E /* DemoOneVC.m */ = {isa = PBXFileReference; fileEncoding = 4; lastKnownFileType = sourcecode.c.objc; path = DemoOneVC.m; sourceTree = "<group>"; };
/* End PBXFileReference section */

/* Begin PBXFrameworksBuildPhase section */
		84A52ED91F330BDB00BB305E /* Frameworks */ = {
			isa = PBXFrameworksBuildPhase;
			buildActionMask = 2147483647;
			files = (
			);
			runOnlyForDeploymentPostprocessing = 0;
		};
/* End PBXFrameworksBuildPhase section */

/* Begin PBXGroup section */
		84A52ED31F330BDB00BB305E = {
			isa = PBXGroup;
			children = (
				84A52EDE1F330BDB00BB305E /* combinationVC */,
				84A52EDD1F330BDB00BB305E /* Products */,
			);
			sourceTree = "<group>";
		};
		84A52EDD1F330BDB00BB305E /* Products */ = {
			isa = PBXGroup;
			children = (
				84A52EDC1F330BDB00BB305E /* combinationVC.app */,
			);
			name = Products;
			sourceTree = "<group>";
		};
		84A52EDE1F330BDB00BB305E /* combinationVC */ = {
			isa = PBXGroup;
			children = (
				84A52EF71F330D3200BB305E /* DemoTwoVC */,
				84A52EF61F330D2500BB305E /* DemoOneVC */,
				84A52EE21F330BDB00BB305E /* AppDelegate.h */,
				84A52EE31F330BDB00BB305E /* AppDelegate.m */,
				84A52EE51F330BDB00BB305E /* ViewController.h */,
				84A52EE61F330BDB00BB305E /* ViewController.m */,
				84A52EE81F330BDB00BB305E /* Main.storyboard */,
				84A52EEB1F330BDB00BB305E /* Assets.xcassets */,
				84A52EED1F330BDB00BB305E /* LaunchScreen.storyboard */,
				84A52EF01F330BDB00BB305E /* Info.plist */,
				84A52EDF1F330BDB00BB305E /* Supporting Files */,
			);
			path = combinationVC;
			sourceTree = "<group>";
		};
		84A52EDF1F330BDB00BB305E /* Supporting Files */ = {
			isa = PBXGroup;
			children = (
				84A52EE01F330BDB00BB305E /* main.m */,
			);
			name = "Supporting Files";
			sourceTree = "<group>";
		};
		84A52EF61F330D2500BB305E /* DemoOneVC */ = {
			isa = PBXGroup;
			children = (
				84A52EFB1F330DE400BB305E /* DemoOneVC.h */,
				84A52EFC1F330DE400BB305E /* DemoOneVC.m */,
			);
			path = DemoOneVC;
			sourceTree = "<group>";
		};
		84A52EF71F330D3200BB305E /* DemoTwoVC */ = {
			isa = PBXGroup;
			children = (
				84A52EF81F330DC300BB305E /* DemoTwoVC.h */,
				84A52EF91F330DC300BB305E /* DemoTwoVC.m */,
			);
			path = DemoTwoVC;
			sourceTree = "<group>";
		};
/* End PBXGroup section */

/* Begin PBXNativeTarget section */
		84A52EDB1F330BDB00BB305E /* combinationVC */ = {
			isa = PBXNativeTarget;
			buildConfigurationList = 84A52EF31F330BDB00BB305E /* Build configuration list for PBXNativeTarget "combinationVC" */;
			buildPhases = (
				84A52ED81F330BDB00BB305E /* Sources */,
				84A52ED91F330BDB00BB305E /* Frameworks */,
				84A52EDA1F330BDB00BB305E /* Resources */,
			);
			buildRules = (
			);
			dependencies = (
			);
			name = combinationVC;
			productName = combinationVC;
			productReference = 84A52EDC1F330BDB00BB305E /* combinationVC.app */;
			productType = "com.apple.product-type.application";
		};
/* End PBXNativeTarget section */

/* Begin PBXProject section */
		84A52ED41F330BDB00BB305E /* Project object */ = {
			isa = PBXProject;
			attributes = {
				LastUpgradeCheck = 0830;
				ORGANIZATIONNAME = "常丛丛";
				TargetAttributes = {
					84A52EDB1F330BDB00BB305E = {
						CreatedOnToolsVersion = 8.3;
						DevelopmentTeam = 64LC5EYVFQ;
						ProvisioningStyle = Automatic;
					};
				};
			};
			buildConfigurationList = 84A52ED71F330BDB00BB305E /* Build configuration list for PBXProject "combinationVC" */;
			compatibilityVersion = "Xcode 3.2";
			developmentRegion = English;
			hasScannedForEncodings = 0;
			knownRegions = (
				en,
				Base,
			);
			mainGroup = 84A52ED31F330BDB00BB305E;
			productRefGroup = 84A52EDD1F330BDB00BB305E /* Products */;
			projectDirPath = "";
			projectRoot = "";
			targets = (
				84A52EDB1F330BDB00BB305E /* combinationVC */,
			);
		};
/* End PBXProject section */

/* Begin PBXResourcesBuildPhase section */
		84A52EDA1F330BDB00BB305E /* Resources */ = {
			isa = PBXResourcesBuildPhase;
			buildActionMask = 2147483647;
			files = (
				84A52EEF1F330BDB00BB305E /* LaunchScreen.storyboard in Resources */,
				84A52EEC1F330BDB00BB305E /* Assets.xcassets in Resources */,
				84A52EEA1F330BDB00BB305E /* Main.storyboard in Resources */,
			);
			runOnlyForDeploymentPostprocessing = 0;
		};
/* End PBXResourcesBuildPhase section */

/* Begin PBXSourcesBuildPhase section */
		84A52ED81F330BDB00BB305E /* Sources */ = {
			isa = PBXSourcesBuildPhase;
			buildActionMask = 2147483647;
			files = (
				84A52EFD1F330DE400BB305E /* DemoOneVC.m in Sources */,
				84A52EE71F330BDB00BB305E /* ViewController.m in Sources */,
				84A52EE41F330BDB00BB305E /* AppDelegate.m in Sources */,
				84A52EFA1F330DC300BB305E /* DemoTwoVC.m in Sources */,
				84A52EE11F330BDB00BB305E /* main.m in Sources */,
			);
			runOnlyForDeploymentPostprocessing = 0;
		};
/* End PBXSourcesBuildPhase section */

/* Begin PBXVariantGroup section */
		84A52EE81F330BDB00BB305E /* Main.storyboard */ = {
			isa = PBXVariantGroup;
			children = (
				84A52EE91F330BDB00BB305E /* Base */,
			);
			name = Main.storyboard;
			sourceTree = "<group>";
		};
		84A52EED1F330BDB00BB305E /* LaunchScreen.storyboard */ = {
			isa = PBXVariantGroup;
			children = (
				84A52EEE1F330BDB00BB305E /* Base */,
			);
			name = LaunchScreen.storyboard;
			sourceTree = "<group>";
		};
/* End PBXVariantGroup section */

/* Begin XCBuildConfiguration section */
		84A52EF11F330BDB00BB305E /* Debug */ = {
			isa = XCBuildConfiguration;
			buildSettings = {
				ALWAYS_SEARCH_USER_PATHS = NO;
				CLANG_ANALYZER_NONNULL = YES;
				CLANG_ANALYZER_NUMBER_OBJECT_CONVERSION = YES_AGGRESSIVE;
				CLANG_CXX_LANGUAGE_STANDARD = "gnu++0x";
				CLANG_CXX_LIBRARY = "libc++";
				CLANG_ENABLE_MODULES = YES;
				CLANG_ENABLE_OBJC_ARC = YES;
				CLANG_WARN_BOOL_CONVERSION = YES;
				CLANG_WARN_CONSTANT_CONVERSION = YES;
				CLANG_WARN_DIRECT_OBJC_ISA_USAGE = YES_ERROR;
				CLANG_WARN_DOCUMENTATION_COMMENTS = YES;
				CLANG_WARN_EMPTY_BODY = YES;
				CLANG_WARN_ENUM_CONVERSION = YES;
				CLANG_WARN_INFINITE_RECURSION = YES;
				CLANG_WARN_INT_CONVERSION = YES;
				CLANG_WARN_OBJC_ROOT_CLASS = YES_ERROR;
				CLANG_WARN_SUSPICIOUS_MOVE = YES;
				CLANG_WARN_UNREACHABLE_CODE = YES;
				CLANG_WARN__DUPLICATE_METHOD_MATCH = YES;
				"CODE_SIGN_IDENTITY[sdk=iphoneos*]" = "iPhone Developer";
				COPY_PHASE_STRIP = NO;
				DEBUG_INFORMATION_FORMAT = dwarf;
				ENABLE_STRICT_OBJC_MSGSEND = YES;
				ENABLE_TESTABILITY = YES;
				GCC_C_LANGUAGE_STANDARD = gnu99;
				GCC_DYNAMIC_NO_PIC = NO;
				GCC_NO_COMMON_BLOCKS = YES;
				GCC_OPTIMIZATION_LEVEL = 0;
				GCC_PREPROCESSOR_DEFINITIONS = (
					"DEBUG=1",
					"$(inherited)",
				);
				GCC_WARN_64_TO_32_BIT_CONVERSION = YES;
				GCC_WARN_ABOUT_RETURN_TYPE = YES_ERROR;
				GCC_WARN_UNDECLARED_SELECTOR = YES;
				GCC_WARN_UNINITIALIZED_AUTOS = YES_AGGRESSIVE;
				GCC_WARN_UNUSED_FUNCTION = YES;
				GCC_WARN_UNUSED_VARIABLE = YES;
				IPHONEOS_DEPLOYMENT_TARGET = 10.3;
				MTL_ENABLE_DEBUG_INFO = YES;
				ONLY_ACTIVE_ARCH = YES;
				SDKROOT = iphoneos;
			};
			name = Debug;
		};
		84A52EF21F330BDB00BB305E /* Release */ = {
			isa = XCBuildConfiguration;
			buildSettings = {
				ALWAYS_SEARCH_USER_PATHS = NO;
				CLANG_ANALYZER_NONNULL = YES;
				CLANG_ANALYZER_NUMBER_OBJECT_CONVERSION = YES_AGGRESSIVE;
				CLANG_CXX_LANGUAGE_STANDARD = "gnu++0x";
				CLANG_CXX_LIBRARY = "libc++";
				CLANG_ENABLE_MODULES = YES;
				CLANG_ENABLE_OBJC_ARC = YES;
				CLANG_WARN_BOOL_CONVERSION = YES;
				CLANG_WARN_CONSTANT_CONVERSION = YES;
				CLANG_WARN_DIRECT_OBJC_ISA_USAGE = YES_ERROR;
				CLANG_WARN_DOCUMENTATION_COMMENTS = YES;
				CLANG_WARN_EMPTY_BODY = YES;
				CLANG_WARN_ENUM_CONVERSION = YES;
				CLANG_WARN_INFINITE_RECURSION = YES;
				CLANG_WARN_INT_CONVERSION = YES;
				CLANG_WARN_OBJC_ROOT_CLASS = YES_ERROR;
				CLANG_WARN_SUSPICIOUS_MOVE = YES;
				CLANG_WARN_UNREACHABLE_CODE = YES;
				CLANG_WARN__DUPLICATE_METHOD_MATCH = YES;
				"CODE_SIGN_IDENTITY[sdk=iphoneos*]" = "iPhone Developer";
				COPY_PHASE_STRIP = NO;
				DEBUG_INFORMATION_FORMAT = "dwarf-with-dsym";
				ENABLE_NS_ASSERTIONS = NO;
				ENABLE_STRICT_OBJC_MSGSEND = YES;
				GCC_C_LANGUAGE_STANDARD = gnu99;
				GCC_NO_COMMON_BLOCKS = YES;
				GCC_WARN_64_TO_32_BIT_CONVERSION = YES;
				GCC_WARN_ABOUT_RETURN_TYPE = YES_ERROR;
				GCC_WARN_UNDECLARED_SELECTOR = YES;
				GCC_WARN_UNINITIALIZED_AUTOS = YES_AGGRESSIVE;
				GCC_WARN_UNUSED_FUNCTION = YES;
				GCC_WARN_UNUSED_VARIABLE = YES;
				IPHONEOS_DEPLOYMENT_TARGET = 10.3;
				MTL_ENABLE_DEBUG_INFO = NO;
				SDKROOT = iphoneos;
				VALIDATE_PRODUCT = YES;
			};
			name = Release;
		};
		84A52EF41F330BDB00BB305E /* Debug */ = {
			isa = XCBuildConfiguration;
			buildSettings = {
				ASSETCATALOG_COMPILER_APPICON_NAME = AppIcon;
				DEVELOPMENT_TEAM = 64LC5EYVFQ;
				INFOPLIST_FILE = combinationVC/Info.plist;
				LD_RUNPATH_SEARCH_PATHS = "$(inherited) @executable_path/Frameworks";
				PRODUCT_BUNDLE_IDENTIFIER = com.changcongcong.combinationVC.combinationVC;
				PRODUCT_NAME = "$(TARGET_NAME)";
			};
			name = Debug;
		};
		84A52EF51F330BDB00BB305E /* Release */ = {
			isa = XCBuildConfiguration;
			buildSettings = {
				ASSETCATALOG_COMPILER_APPICON_NAME = AppIcon;
				DEVELOPMENT_TEAM = 64LC5EYVFQ;
				INFOPLIST_FILE = combinationVC/Info.plist;
				LD_RUNPATH_SEARCH_PATHS = "$(inherited) @executable_path/Frameworks";
				PRODUCT_BUNDLE_IDENTIFIER = com.changcongcong.combinationVC.combinationVC;
				PRODUCT_NAME = "$(TARGET_NAME)";
			};
			name = Release;
		};
/* End XCBuildConfiguration section */

/* Begin XCConfigurationList section */
		84A52ED71F330BDB00BB305E /* Build configuration list for PBXProject "combinationVC" */ = {
			isa = XCConfigurationList;
			buildConfigurations = (
				84A52EF11F330BDB00BB305E /* Debug */,
				84A52EF21F330BDB00BB305E /* Release */,
			);
			defaultConfigurationIsVisible = 0;
			defaultConfigurationName = Release;
		};
		84A52EF31F330BDB00BB305E /* Build configuration list for PBXNativeTarget "combinationVC" */ = {
			isa = XCConfigurationList;
			buildConfigurations = (
				84A52EF41F330BDB00BB305E /* Debug */,
				84A52EF51F330BDB00BB305E /* Release */,
			);
			defaultConfigurationIsVisible = 0;
		};
/* End XCConfigurationList section */
	};
	rootObject = 84A52ED41F330BDB00BB305E /* Project object */;
}
